[root]
name = "vba-blocks"
version = "0.0.0"
dependencies = [
  "installer 0.0.0 path+vba-installer",
  "json 2.3.0 registry+vba-blocks#42372ab20cd42fc364b68207c17cf063f267abd3d3ec738315b00b25fb7c690f",
]

[[packages]]
name = "dictionary"
version = "1.4.1"
source = "registry+vba-blocks#8034e569e4efcb7bdb1a0600c0aa2d857147b8be0ccbc6764af065d45e967e46"
dependencies = [
]

[[packages]]
name = "filesystem"
version = "0.0.0"
source = "path+vba-filesystem"
dependencies = [
]

[[packages]]
name = "installer"
version = "0.0.0"
source = "path+vba-installer"
dependencies = [
  "filesystem 0.0.0 path+vba-filesystem",
]

[[packages]]
name = "json"
version = "2.3.0"
source = "registry+vba-blocks#42372ab20cd42fc364b68207c17cf063f267abd3d3ec738315b00b25fb7c690f"
dependencies = [
  "dictionary 1.4.1 registry+vba-blocks#8034e569e4efcb7bdb1a0600c0aa2d857147b8be0ccbc6764af065d45e967e46",
]

