[root]
name = "needs-sat"
version = "0.0.0"
dependencies = [
  "web 4.1.5 registry+vba-blocks#56c0bfaa84be448b39c65aa83f1c7530db0635a6b2b6ee8589a18feea29e37e9",
  "json 2.1.0 registry+vba-blocks#c00e834ea96c4a6968d167b6616b2fa44a13fb672ff690b60a13326ca18de711",
]

[[packages]]
name = "dictionary"
version = "1.4.1"
source = "registry+vba-blocks#b241062bcd7ffd68c9063e3980a5df4c6781df29d96763a020d291e52454f6a5"
dependencies = [
]

[[packages]]
name = "json"
version = "2.1.0"
source = "registry+vba-blocks#c00e834ea96c4a6968d167b6616b2fa44a13fb672ff690b60a13326ca18de711"
dependencies = [
  "dictionary 1.4.1 registry+vba-blocks#b241062bcd7ffd68c9063e3980a5df4c6781df29d96763a020d291e52454f6a5",
]

[[packages]]
name = "web"
version = "4.1.5"
source = "registry+vba-blocks#56c0bfaa84be448b39c65aa83f1c7530db0635a6b2b6ee8589a18feea29e37e9"
dependencies = [
  "json 2.1.0 registry+vba-blocks#c00e834ea96c4a6968d167b6616b2fa44a13fb672ff690b60a13326ca18de711",
]

